
Microsoft Visual Studio Solution File, Format Version 12.00
# Visual Studio Version 16
VisualStudioVersion = 16.0.33214.272
MinimumVisualStudioVersion = 10.0.40219.1
Project("{FAE04EC0-301F-11D3-BF4B-00C04F79EFBC}") = "CSharpConcept", "CSharpConcept\CSharpConcept.csproj", "{DE28535A-C7F6-404E-88B7-9DE4AC2AAEB0}"
EndProject
Project("{FAE04EC0-301F-11D3-BF4B-00C04F79EFBC}") = "SeleniumConcept", "SeleniumConcept\SeleniumConcept.csproj", "{70D4376C-15A5-4C3E-95F3-DC07E900DDBA}"
EndProject
Global
	GlobalSection(SolutionConfigurationPlatforms) = preSolution
		Debug|Any CPU = Debug|Any CPU
		Release|Any CPU = Release|Any CPU
	EndGlobalSection
	GlobalSection(ProjectConfigurationPlatforms) = postSolution
		{DE28535A-C7F6-404E-88B7-9DE4AC2AAEB0}.Debug|Any CPU.ActiveCfg = Debug|Any CPU
		{DE28535A-C7F6-404E-88B7-9DE4AC2AAEB0}.Debug|Any CPU.Build.0 = Debug|Any CPU
		{DE28535A-C7F6-404E-88B7-9DE4AC2AAEB0}.Release|Any CPU.ActiveCfg = Release|Any CPU
		{DE28535A-C7F6-404E-88B7-9DE4AC2AAEB0}.Release|Any CPU.Build.0 = Release|Any CPU
		{70D4376C-15A5-4C3E-95F3-DC07E900DDBA}.Debug|Any CPU.ActiveCfg = Debug|Any CPU
		{70D4376C-15A5-4C3E-95F3-DC07E900DDBA}.Debug|Any CPU.Build.0 = Debug|Any CPU
		{70D4376C-15A5-4C3E-95F3-DC07E900DDBA}.Release|Any CPU.ActiveCfg = Release|Any CPU
		{70D4376C-15A5-4C3E-95F3-DC07E900DDBA}.Release|Any CPU.Build.0 = Release|Any CPU
	EndGlobalSection
	GlobalSection(SolutionProperties) = preSolution
		HideSolutionNode = FALSE
	EndGlobalSection
	GlobalSection(ExtensibilityGlobals) = postSolution
		SolutionGuid = {2B1BB8F9-1C2E-45E5-A52D-F16E7EE9E6A9}
	EndGlobalSection
EndGlobal
